github.com/issue9/assert/v3 v3.0.4 h1:WsYZQ6PQmM/pGFrbkn5GIXjWeVZHv+wcl2829UTX1Qc=
github.com/issue9/assert/v3 v3.0.4/go.mod h1:yft/uaskRpwQTyBT3n1zRl91SR1wNlO4fLZHzOa4bdM=
golang.org/x/exp v0.0.0-20221217163422-3c43f8badb15 h1:5oN1Pz/eDhCpbMbLstvIPa0b/BEQo6g6nwV3pLjfM6w=
golang.org/x/exp v0.0.0-20221217163422-3c43f8badb15/go.mod h1:CxIveKay+FTh1D0yPZemJVgC/95VzuuOLq5Qi4xnoYc=
